// !$*UTF8*$!
{
	archiveVersion = 1;
	classes = {
	};
	objectVersion = 46;
	objects = {

/* Begin PBXBuildFile section */
		1204571A1D366645006ECC3A /* AppDelegate.swift in Sources */ = {isa = PBXBuildFile; fileRef = 120457191D366645006ECC3A /* AppDelegate.swift */; };
		1204571C1D366645006ECC3A /* Assets.xcassets in Resources */ = {isa = PBXBuildFile; fileRef = 1204571B1D366645006ECC3A /* Assets.xcassets */; };
		1204571F1D366645006ECC3A /* MainMenu.xib in Resources */ = {isa = PBXBuildFile; fileRef = 1204571D1D366645006ECC3A /* MainMenu.xib */; };
		1204572A1D3667D4006ECC3A /* StatusMenuController.swift in Sources */ = {isa = PBXBuildFile; fileRef = 120457261D3667D4006ECC3A /* StatusMenuController.swift */; };
		1204572B1D3667D4006ECC3A /* PreferencesWindow.swift in Sources */ = {isa = PBXBuildFile; fileRef = 120457271D3667D4006ECC3A /* PreferencesWindow.swift */; };
		1204572C1D3667D4006ECC3A /* PreferencesWindow.xib in Resources */ = {isa = PBXBuildFile; fileRef = 120457281D3667D4006ECC3A /* PreferencesWindow.xib */; };
		1204572D1D3667D4006ECC3A /* PomodoroTimer.swift in Sources */ = {isa = PBXBuildFile; fileRef = 120457291D3667D4006ECC3A /* PomodoroTimer.swift */; };
		12D8DBE71D8824AB00E07A7E /* TaskAPI.swift in Sources */ = {isa = PBXBuildFile; fileRef = 12D8DBE61D8824AB00E07A7E /* TaskAPI.swift */; };
		12D8DBEC1D89889B00E07A7E /* TasksViewController.swift in Sources */ = {isa = PBXBuildFile; fileRef = 12D8DBEA1D89889B00E07A7E /* TasksViewController.swift */; };
		12D8DBED1D89889B00E07A7E /* TasksViewController.xib in Resources */ = {isa = PBXBuildFile; fileRef = 12D8DBEB1D89889B00E07A7E /* TasksViewController.xib */; };
/* End PBXBuildFile section */

/* Begin PBXFileReference section */
		120457161D366645006ECC3A /* watchdogs3.app */ = {isa = PBXFileReference; explicitFileType = wrapper.application; includeInIndex = 0; path = watchdogs3.app; sourceTree = BUILT_PRODUCTS_DIR; };
		120457191D366645006ECC3A /* AppDelegate.swift */ = {isa = PBXFileReference; lastKnownFileType = sourcecode.swift; path = AppDelegate.swift; sourceTree = "<group>"; };
		1204571B1D366645006ECC3A /* Assets.xcassets */ = {isa = PBXFileReference; lastKnownFileType = folder.assetcatalog; path = Assets.xcassets; sourceTree = "<group>"; };
		1204571E1D366645006ECC3A /* Base */ = {isa = PBXFileReference; lastKnownFileType = file.xib; name = Base; path = Base.lproj/MainMenu.xib; sourceTree = "<group>"; };
		120457201D366645006ECC3A /* Info.plist */ = {isa = PBXFileReference; lastKnownFileType = text.plist.xml; path = Info.plist; sourceTree = "<group>"; };
		120457261D3667D4006ECC3A /* StatusMenuController.swift */ = {isa = PBXFileReference; fileEncoding = 4; lastKnownFileType = sourcecode.swift; path = StatusMenuController.swift; sourceTree = "<group>"; };
		120457271D3667D4006ECC3A /* PreferencesWindow.swift */ = {isa = PBXFileReference; fileEncoding = 4; lastKnownFileType = sourcecode.swift; path = PreferencesWindow.swift; sourceTree = "<group>"; };
		120457281D3667D4006ECC3A /* PreferencesWindow.xib */ = {isa = PBXFileReference; fileEncoding = 4; lastKnownFileType = file.xib; path = PreferencesWindow.xib; sourceTree = "<group>"; };
		120457291D3667D4006ECC3A /* PomodoroTimer.swift */ = {isa = PBXFileReference; fileEncoding = 4; lastKnownFileType = sourcecode.swift; path = PomodoroTimer.swift; sourceTree = "<group>"; };
		12D8DBE61D8824AB00E07A7E /* TaskAPI.swift */ = {isa = PBXFileReference; fileEncoding = 4; lastKnownFileType = sourcecode.swift; path = TaskAPI.swift; sourceTree = "<group>"; };
		12D8DBEA1D89889B00E07A7E /* TasksViewController.swift */ = {isa = PBXFileReference; fileEncoding = 4; lastKnownFileType = sourcecode.swift; path = TasksViewController.swift; sourceTree = "<group>"; };
		12D8DBEB1D89889B00E07A7E /* TasksViewController.xib */ = {isa = PBXFileReference; fileEncoding = 4; lastKnownFileType = file.xib; path = TasksViewController.xib; sourceTree = "<group>"; };
		368B64E2BF29E20969F9BB9C /* Pods_watchdogs3.framework */ = {isa = PBXFileReference; explicitFileType = wrapper.framework; includeInIndex = 0; path = Pods_watchdogs3.framework; sourceTree = BUILT_PRODUCTS_DIR; };
		3A6C7BDDB6E6F2984DE9047E /* Pods-watchdogs3.debug.xcconfig */ = {isa = PBXFileReference; includeInIndex = 1; lastKnownFileType = text.xcconfig; name = "Pods-watchdogs3.debug.xcconfig"; path = "Pods/Target Support Files/Pods-watchdogs3/Pods-watchdogs3.debug.xcconfig"; sourceTree = "<group>"; };
		B0F88837298C0FC6CBB00B79 /* Pods-watchdogs3.release.xcconfig */ = {isa = PBXFileReference; includeInIndex = 1; lastKnownFileType = text.xcconfig; name = "Pods-watchdogs3.release.xcconfig"; path = "Pods/Target Support Files/Pods-watchdogs3/Pods-watchdogs3.release.xcconfig"; sourceTree = "<group>"; };
/* End PBXFileReference section */

/* Begin PBXFrameworksBuildPhase section */
		120457131D366645006ECC3A /* Frameworks */ = {
			isa = PBXFrameworksBuildPhase;
			buildActionMask = 2147483647;
			files = (
			);
			runOnlyForDeploymentPostprocessing = 0;
		};
/* End PBXFrameworksBuildPhase section */

/* Begin PBXGroup section */
		1204570D1D366645006ECC3A = {
			isa = PBXGroup;
			children = (
				120457181D366645006ECC3A /* watchdogs3 */,
				120457171D366645006ECC3A /* Products */,
				239BE9C706C29D97CF32F409 /* Pods */,
				5D1FC6552BB9B80084B8752D /* Frameworks */,
			);
			sourceTree = "<group>";
		};
		120457171D366645006ECC3A /* Products */ = {
			isa = PBXGroup;
			children = (
				120457161D366645006ECC3A /* watchdogs3.app */,
			);
			name = Products;
			sourceTree = "<group>";
		};
		120457181D366645006ECC3A /* watchdogs3 */ = {
			isa = PBXGroup;
			children = (
				120457261D3667D4006ECC3A /* StatusMenuController.swift */,
				120457271D3667D4006ECC3A /* PreferencesWindow.swift */,
				120457281D3667D4006ECC3A /* PreferencesWindow.xib */,
				120457291D3667D4006ECC3A /* PomodoroTimer.swift */,
				120457191D366645006ECC3A /* AppDelegate.swift */,
				1204571B1D366645006ECC3A /* Assets.xcassets */,
				1204571D1D366645006ECC3A /* MainMenu.xib */,
				120457201D366645006ECC3A /* Info.plist */,
				12D8DBE61D8824AB00E07A7E /* TaskAPI.swift */,
				12D8DBEA1D89889B00E07A7E /* TasksViewController.swift */,
				12D8DBEB1D89889B00E07A7E /* TasksViewController.xib */,
			);
			path = watchdogs3;
			sourceTree = "<group>";
		};
		239BE9C706C29D97CF32F409 /* Pods */ = {
			isa = PBXGroup;
			children = (
				3A6C7BDDB6E6F2984DE9047E /* Pods-watchdogs3.debug.xcconfig */,
				B0F88837298C0FC6CBB00B79 /* Pods-watchdogs3.release.xcconfig */,
			);
			name = Pods;
			sourceTree = "<group>";
		};
		5D1FC6552BB9B80084B8752D /* Frameworks */ = {
			isa = PBXGroup;
			children = (
				368B64E2BF29E20969F9BB9C /* Pods_watchdogs3.framework */,
			);
			name = Frameworks;
			sourceTree = "<group>";
		};
/* End PBXGroup section */

/* Begin PBXNativeTarget section */
		120457151D366645006ECC3A /* watchdogs3 */ = {
			isa = PBXNativeTarget;
			buildConfigurationList = 120457231D366645006ECC3A /* Build configuration list for PBXNativeTarget "watchdogs3" */;
			buildPhases = (
				6D3C68003EB08B77BE526C16 /* [CP] Check Pods Manifest.lock */,
				120457121D366645006ECC3A /* Sources */,
				120457131D366645006ECC3A /* Frameworks */,
				120457141D366645006ECC3A /* Resources */,
				CA83037281F70E8BDB270F79 /* [CP] Embed Pods Frameworks */,
				9DB96E1F6D0A1FBDC8979215 /* [CP] Copy Pods Resources */,
			);
			buildRules = (
			);
			dependencies = (
			);
			name = watchdogs3;
			productName = watchdogs3;
			productReference = 120457161D366645006ECC3A /* watchdogs3.app */;
			productType = "com.apple.product-type.application";
		};
/* End PBXNativeTarget section */

/* Begin PBXProject section */
		1204570E1D366645006ECC3A /* Project object */ = {
			isa = PBXProject;
			attributes = {
				LastSwiftUpdateCheck = 0730;
				LastUpgradeCheck = 0730;
				TargetAttributes = {
					120457151D366645006ECC3A = {
						CreatedOnToolsVersion = 7.3.1;
						LastSwiftMigration = 0800;
					};
				};
			};
			buildConfigurationList = 120457111D366645006ECC3A /* Build configuration list for PBXProject "watchdogs3" */;
			compatibilityVersion = "Xcode 3.2";
			developmentRegion = English;
			hasScannedForEncodings = 0;
			knownRegions = (
				en,
				Base,
			);
			mainGroup = 1204570D1D366645006ECC3A;
			productRefGroup = 120457171D366645006ECC3A /* Products */;
			projectDirPath = "";
			projectRoot = "";
			targets = (
				120457151D366645006ECC3A /* watchdogs3 */,
			);
		};
/* End PBXProject section */

/* Begin PBXResourcesBuildPhase section */
		120457141D366645006ECC3A /* Resources */ = {
			isa = PBXResourcesBuildPhase;
			buildActionMask = 2147483647;
			files = (
				1204571C1D366645006ECC3A /* Assets.xcassets in Resources */,
				12D8DBED1D89889B00E07A7E /* TasksViewController.xib in Resources */,
				1204572C1D3667D4006ECC3A /* PreferencesWindow.xib in Resources */,
				1204571F1D366645006ECC3A /* MainMenu.xib in Resources */,
			);
			runOnlyForDeploymentPostprocessing = 0;
		};
/* End PBXResourcesBuildPhase section */

/* Begin PBXShellScriptBuildPhase section */
		6D3C68003EB08B77BE526C16 /* [CP] Check Pods Manifest.lock */ = {
			isa = PBXShellScriptBuildPhase;
			buildActionMask = 2147483647;
			files = (
			);
			inputPaths = (
			);
			name = "[CP] Check Pods Manifest.lock";
			outputPaths = (
			);
			runOnlyForDeploymentPostprocessing = 0;
			shellPath = /bin/sh;
			shellScript = "diff \"${PODS_ROOT}/../Podfile.lock\" \"${PODS_ROOT}/Manifest.lock\" > /dev/null\nif [[ $? != 0 ]] ; then\n    cat << EOM\nerror: The sandbox is not in sync with the Podfile.lock. Run 'pod install' or update your CocoaPods installation.\nEOM\n    exit 1\nfi\n";
			showEnvVarsInLog = 0;
		};
		9DB96E1F6D0A1FBDC8979215 /* [CP] Copy Pods Resources */ = {
			isa = PBXShellScriptBuildPhase;
			buildActionMask = 2147483647;
			files = (
			);
			inputPaths = (
			);
			name = "[CP] Copy Pods Resources";
			outputPaths = (
			);
			runOnlyForDeploymentPostprocessing = 0;
			shellPath = /bin/sh;
			shellScript = "\"${SRCROOT}/Pods/Target Support Files/Pods-watchdogs3/Pods-watchdogs3-resources.sh\"\n";
			showEnvVarsInLog = 0;
		};
		CA83037281F70E8BDB270F79 /* [CP] Embed Pods Frameworks */ = {
			isa = PBXShellScriptBuildPhase;
			buildActionMask = 2147483647;
			files = (
			);
			inputPaths = (
			);
			name = "[CP] Embed Pods Frameworks";
			outputPaths = (
			);
			runOnlyForDeploymentPostprocessing = 0;
			shellPath = /bin/sh;
			shellScript = "\"${SRCROOT}/Pods/Target Support Files/Pods-watchdogs3/Pods-watchdogs3-frameworks.sh\"\n";
			showEnvVarsInLog = 0;
		};
/* End PBXShellScriptBuildPhase section */

/* Begin PBXSourcesBuildPhase section */
		120457121D366645006ECC3A /* Sources */ = {
			isa = PBXSourcesBuildPhase;
			buildActionMask = 2147483647;
			files = (
				1204572A1D3667D4006ECC3A /* StatusMenuController.swift in Sources */,
				1204572B1D3667D4006ECC3A /* PreferencesWindow.swift in Sources */,
				1204572D1D3667D4006ECC3A /* PomodoroTimer.swift in Sources */,
				1204571A1D366645006ECC3A /* AppDelegate.swift in Sources */,
				12D8DBE71D8824AB00E07A7E /* TaskAPI.swift in Sources */,
				12D8DBEC1D89889B00E07A7E /* TasksViewController.swift in Sources */,
			);
			runOnlyForDeploymentPostprocessing = 0;
		};
/* End PBXSourcesBuildPhase section */

/* Begin PBXVariantGroup section */
		1204571D1D366645006ECC3A /* MainMenu.xib */ = {
			isa = PBXVariantGroup;
			children = (
				1204571E1D366645006ECC3A /* Base */,
			);
			name = MainMenu.xib;
			sourceTree = "<group>";
		};
/* End PBXVariantGroup section */

/* Begin XCBuildConfiguration section */
		120457211D366645006ECC3A /* Debug */ = {
			isa = XCBuildConfiguration;
			buildSettings = {
				ALWAYS_SEARCH_USER_PATHS = NO;
				CLANG_ANALYZER_NONNULL = YES;
				CLANG_CXX_LANGUAGE_STANDARD = "gnu++0x";
				CLANG_CXX_LIBRARY = "libc++";
				CLANG_ENABLE_MODULES = YES;
				CLANG_ENABLE_OBJC_ARC = YES;
				CLANG_WARN_BOOL_CONVERSION = YES;
				CLANG_WARN_CONSTANT_CONVERSION = YES;
				CLANG_WARN_DIRECT_OBJC_ISA_USAGE = YES_ERROR;
				CLANG_WARN_EMPTY_BODY = YES;
				CLANG_WARN_ENUM_CONVERSION = YES;
				CLANG_WARN_INT_CONVERSION = YES;
				CLANG_WARN_OBJC_ROOT_CLASS = YES_ERROR;
				CLANG_WARN_UNREACHABLE_CODE = YES;
				CLANG_WARN__DUPLICATE_METHOD_MATCH = YES;
				CODE_SIGN_IDENTITY = "-";
				COPY_PHASE_STRIP = NO;
				DEBUG_INFORMATION_FORMAT = dwarf;
				ENABLE_STRICT_OBJC_MSGSEND = YES;
				ENABLE_TESTABILITY = YES;
				GCC_C_LANGUAGE_STANDARD = gnu99;
				GCC_DYNAMIC_NO_PIC = NO;
				GCC_NO_COMMON_BLOCKS = YES;
				GCC_OPTIMIZATION_LEVEL = 0;
				GCC_PREPROCESSOR_DEFINITIONS = (
					"DEBUG=1",
					"$(inherited)",
				);
				GCC_WARN_64_TO_32_BIT_CONVERSION = YES;
				GCC_WARN_ABOUT_RETURN_TYPE = YES_ERROR;
				GCC_WARN_UNDECLARED_SELECTOR = YES;
				GCC_WARN_UNINITIALIZED_AUTOS = YES_AGGRESSIVE;
				GCC_WARN_UNUSED_FUNCTION = YES;
				GCC_WARN_UNUSED_VARIABLE = YES;
				MACOSX_DEPLOYMENT_TARGET = 10.11;
				MTL_ENABLE_DEBUG_INFO = YES;
				ONLY_ACTIVE_ARCH = YES;
				SDKROOT = macosx;
				SWIFT_OPTIMIZATION_LEVEL = "-Onone";
			};
			name = Debug;
		};
		120457221D366645006ECC3A /* Release */ = {
			isa = XCBuildConfiguration;
			buildSettings = {
				ALWAYS_SEARCH_USER_PATHS = NO;
				CLANG_ANALYZER_NONNULL = YES;
				CLANG_CXX_LANGUAGE_STANDARD = "gnu++0x";
				CLANG_CXX_LIBRARY = "libc++";
				CLANG_ENABLE_MODULES = YES;
				CLANG_ENABLE_OBJC_ARC = YES;
				CLANG_WARN_BOOL_CONVERSION = YES;
				CLANG_WARN_CONSTANT_CONVERSION = YES;
				CLANG_WARN_DIRECT_OBJC_ISA_USAGE = YES_ERROR;
				CLANG_WARN_EMPTY_BODY = YES;
				CLANG_WARN_ENUM_CONVERSION = YES;
				CLANG_WARN_INT_CONVERSION = YES;
				CLANG_WARN_OBJC_ROOT_CLASS = YES_ERROR;
				CLANG_WARN_UNREACHABLE_CODE = YES;
				CLANG_WARN__DUPLICATE_METHOD_MATCH = YES;
				CODE_SIGN_IDENTITY = "-";
				COPY_PHASE_STRIP = NO;
				DEBUG_INFORMATION_FORMAT = "dwarf-with-dsym";
				ENABLE_NS_ASSERTIONS = NO;
				ENABLE_STRICT_OBJC_MSGSEND = YES;
				GCC_C_LANGUAGE_STANDARD = gnu99;
				GCC_NO_COMMON_BLOCKS = YES;
				GCC_WARN_64_TO_32_BIT_CONVERSION = YES;
				GCC_WARN_ABOUT_RETURN_TYPE = YES_ERROR;
				GCC_WARN_UNDECLARED_SELECTOR = YES;
				GCC_WARN_UNINITIALIZED_AUTOS = YES_AGGRESSIVE;
				GCC_WARN_UNUSED_FUNCTION = YES;
				GCC_WARN_UNUSED_VARIABLE = YES;
				MACOSX_DEPLOYMENT_TARGET = 10.11;
				MTL_ENABLE_DEBUG_INFO = NO;
				SDKROOT = macosx;
			};
			name = Release;
		};
		120457241D366645006ECC3A /* Debug */ = {
			isa = XCBuildConfiguration;
			baseConfigurationReference = 3A6C7BDDB6E6F2984DE9047E /* Pods-watchdogs3.debug.xcconfig */;
			buildSettings = {
				ASSETCATALOG_COMPILER_APPICON_NAME = AppIcon;
				COMBINE_HIDPI_IMAGES = YES;
				INFOPLIST_FILE = watchdogs3/Info.plist;
				LD_RUNPATH_SEARCH_PATHS = "$(inherited) @executable_path/../Frameworks";
				"LIBRARY_SEARCH_PATHS[arch=*]" = "";
				PRODUCT_BUNDLE_IDENTIFIER = com.panpanpan.watchdogs3;
				PRODUCT_NAME = "$(TARGET_NAME)";
				SWIFT_VERSION = 3.0;
			};
			name = Debug;
		};
		120457251D366645006ECC3A /* Release */ = {
			isa = XCBuildConfiguration;
			baseConfigurationReference = B0F88837298C0FC6CBB00B79 /* Pods-watchdogs3.release.xcconfig */;
			buildSettings = {
				ASSETCATALOG_COMPILER_APPICON_NAME = AppIcon;
				COMBINE_HIDPI_IMAGES = YES;
				INFOPLIST_FILE = watchdogs3/Info.plist;
				LD_RUNPATH_SEARCH_PATHS = "$(inherited) @executable_path/../Frameworks";
				PRODUCT_BUNDLE_IDENTIFIER = com.panpanpan.watchdogs3;
				PRODUCT_NAME = "$(TARGET_NAME)";
				SWIFT_VERSION = 3.0;
			};
			name = Release;
		};
/* End XCBuildConfiguration section */

/* Begin XCConfigurationList section */
		120457111D366645006ECC3A /* Build configuration list for PBXProject "watchdogs3" */ = {
			isa = XCConfigurationList;
			buildConfigurations = (
				120457211D366645006ECC3A /* Debug */,
				120457221D366645006ECC3A /* Release */,
			);
			defaultConfigurationIsVisible = 0;
			defaultConfigurationName = Release;
		};
		120457231D366645006ECC3A /* Build configuration list for PBXNativeTarget "watchdogs3" */ = {
			isa = XCConfigurationList;
			buildConfigurations = (
				120457241D366645006ECC3A /* Debug */,
				120457251D366645006ECC3A /* Release */,
			);
			defaultConfigurationIsVisible = 0;
			defaultConfigurationName = Release;
		};
/* End XCConfigurationList section */
	};
	rootObject = 1204570E1D366645006ECC3A /* Project object */;
}
